<?xml version="1.0" encoding="utf-8"?>
<Project ToolsVersion="4.0" xmlns="http://schemas.microsoft.com/developer/msbuild/2003">
  <ItemGroup>
    <Filter Include="소스 파일">
      <UniqueIdentifier>{4FC737F1-C7A5-4376-A066-2A32D752A2FF}</UniqueIdentifier>
      <Extensions>cpp;c;cc;cxx;c++;cppm;ixx;def;odl;idl;hpj;bat;asm;asmx</Extensions>
    </Filter>
    <Filter Include="헤더 파일">
      <UniqueIdentifier>{93995380-89BD-4b04-88EB-625FBE52EBFB}</UniqueIdentifier>
      <Extensions>h;hh;hpp;hxx;h++;hm;inl;inc;ipp;xsd</Extensions>
    </Filter>
    <Filter Include="리소스 파일">
      <UniqueIdentifier>{67DA6AB6-F800-4c08-8B7A-83BB121AAD01}</UniqueIdentifier>
      <Extensions>rc;ico;cur;bmp;dlg;rc2;rct;bin;rgs;gif;jpg;jpeg;jpe;resx;tiff;tif;png;wav;mfcribbon-ms</Extensions>
    </Filter>
  </ItemGroup>
  <ItemGroup>
    <ClInclude Include="MotionMatching.h">
      <Filter>헤더 파일</Filter>
    </ClInclude>
    <ClInclude Include="framework.h">
      <Filter>헤더 파일</Filter>
    </ClInclude>
    <ClInclude Include="targetver.h">
      <Filter>헤더 파일</Filter>
    </ClInclude>
    <ClInclude Include="MainFrm.h">
      <Filter>헤더 파일</Filter>
    </ClInclude>
    <ClInclude Include="MotionMatchingDoc.h">
      <Filter>헤더 파일</Filter>
    </ClInclude>
    <ClInclude Include="MotionMatchingView.h">
      <Filter>헤더 파일</Filter>
    </ClInclude>
    <ClInclude Include="Resource.h">
      <Filter>헤더 파일</Filter>
    </ClInclude>
    <ClInclude Include="pch.h">
      <Filter>헤더 파일</Filter>
    </ClInclude>
    <ClInclude Include="geoprimitives.h">
      <Filter>헤더 파일</Filter>
    </ClInclude>
    <ClInclude Include="ImPCA.h">
      <Filter>헤더 파일</Filter>
    </ClInclude>
    <ClInclude Include="LinearAlgebra.h">
      <Filter>헤더 파일</Filter>
    </ClInclude>
    <ClInclude Include="mat3_function.h">
      <Filter>헤더 파일</Filter>
    </ClInclude>
    <ClInclude Include="MathPrim.h">
      <Filter>헤더 파일</Filter>
    </ClInclude>
    <ClInclude Include="matrix.h">
      <Filter>헤더 파일</Filter>
    </ClInclude>
    <ClInclude Include="quat.h">
      <Filter>헤더 파일</Filter>
    </ClInclude>
    <ClInclude Include="vector3d.h">
      <Filter>헤더 파일</Filter>
    </ClInclude>
    <ClInclude Include="MySkeleton.h">
      <Filter>헤더 파일</Filter>
    </ClInclude>
    <ClInclude Include="MyJoint.h">
      <Filter>헤더 파일</Filter>
    </ClInclude>
    <ClInclude Include="Motion.h">
      <Filter>헤더 파일</Filter>
    </ClInclude>
    <ClInclude Include="CMotionMatching.h">
      <Filter>헤더 파일</Filter>
    </ClInclude>
    <ClInclude Include="Trajectory.h">
      <Filter>헤더 파일</Filter>
    </ClInclude>
    <ClInclude Include="MotionFeatured.h">
      <Filter>헤더 파일</Filter>
    </ClInclude>
    <ClInclude Include="MyPosture.h">
      <Filter>헤더 파일</Filter>
    </ClInclude>
  </ItemGroup>
  <ItemGroup>
    <ClCompile Include="MotionMatching.cpp">
      <Filter>소스 파일</Filter>
    </ClCompile>
    <ClCompile Include="MainFrm.cpp">
      <Filter>소스 파일</Filter>
    </ClCompile>
    <ClCompile Include="MotionMatchingDoc.cpp">
      <Filter>소스 파일</Filter>
    </ClCompile>
    <ClCompile Include="MotionMatchingView.cpp">
      <Filter>소스 파일</Filter>
    </ClCompile>
    <ClCompile Include="pch.cpp">
      <Filter>소스 파일</Filter>
    </ClCompile>
    <ClCompile Include="GeoPrimitives.cpp">
      <Filter>소스 파일</Filter>
    </ClCompile>
    <ClCompile Include="ImPCA.cpp">
      <Filter>소스 파일</Filter>
    </ClCompile>
    <ClCompile Include="LinearAlgebra.cpp">
      <Filter>소스 파일</Filter>
    </ClCompile>
    <ClCompile Include="mat3_function.cpp">
      <Filter>소스 파일</Filter>
    </ClCompile>
    <ClCompile Include="matrix.cpp">
      <Filter>소스 파일</Filter>
    </ClCompile>
    <ClCompile Include="quat.cpp">
      <Filter>소스 파일</Filter>
    </ClCompile>
    <ClCompile Include="vector3d.cpp">
      <Filter>소스 파일</Filter>
    </ClCompile>
    <ClCompile Include="MySkeleton.cpp">
      <Filter>소스 파일</Filter>
    </ClCompile>
    <ClCompile Include="MyJoint.cpp">
      <Filter>소스 파일</Filter>
    </ClCompile>
    <ClCompile Include="Motion.cpp">
      <Filter>소스 파일</Filter>
    </ClCompile>
    <ClCompile Include="CMotionMatching.cpp">
      <Filter>소스 파일</Filter>
    </ClCompile>
    <ClCompile Include="Trajectory.cpp">
      <Filter>소스 파일</Filter>
    </ClCompile>
    <ClCompile Include="MotionFeatured.cpp">
      <Filter>소스 파일</Filter>
    </ClCompile>
    <ClCompile Include="MyPosture.cpp">
      <Filter>소스 파일</Filter>
    </ClCompile>
  </ItemGroup>
  <ItemGroup>
    <ResourceCompile Include="MotionMatching.rc">
      <Filter>리소스 파일</Filter>
    </ResourceCompile>
  </ItemGroup>
  <ItemGroup>
    <None Include="res\MotionMatching.rc2">
      <Filter>리소스 파일</Filter>
    </None>
  </ItemGroup>
  <ItemGroup>
    <Image Include="res\MotionMatchingDoc.ico">
      <Filter>리소스 파일</Filter>
    </Image>
    <Image Include="res\MotionMatching.ico">
      <Filter>리소스 파일</Filter>
    </Image>
    <Image Include="res\Toolbar.bmp">
      <Filter>리소스 파일</Filter>
    </Image>
  </ItemGroup>
</Project>